// !$*UTF8*$!
{
	archiveVersion = 1;
	classes = {
	};
	objectVersion = 46;
	objects = {

/* Begin PBXBuildFile section */
		83524E5B1B821CD800C37184 /* MusicLibrary.swift in Sources */ = {isa = PBXBuildFile; fileRef = 83524E5A1B821CD800C37184 /* MusicLibrary.swift */; };
		83524E5D1B821E3100C37184 /* Playlist.swift in Sources */ = {isa = PBXBuildFile; fileRef = 83524E5C1B821E3100C37184 /* Playlist.swift */; };
		837586211B7E7267003F1AB1 /* AppDelegate.swift in Sources */ = {isa = PBXBuildFile; fileRef = 837586201B7E7267003F1AB1 /* AppDelegate.swift */; };
		837586231B7E7267003F1AB1 /* PlaylistMasterViewController.swift in Sources */ = {isa = PBXBuildFile; fileRef = 837586221B7E7267003F1AB1 /* PlaylistMasterViewController.swift */; };
		837586261B7E7267003F1AB1 /* Main.storyboard in Resources */ = {isa = PBXBuildFile; fileRef = 837586241B7E7267003F1AB1 /* Main.storyboard */; };
		837586281B7E7267003F1AB1 /* Images.xcassets in Resources */ = {isa = PBXBuildFile; fileRef = 837586271B7E7267003F1AB1 /* Images.xcassets */; };
		8375862B1B7E7267003F1AB1 /* LaunchScreen.xib in Resources */ = {isa = PBXBuildFile; fileRef = 837586291B7E7267003F1AB1 /* LaunchScreen.xib */; };
		837586371B7E7267003F1AB1 /* AlgorhythmTests.swift in Sources */ = {isa = PBXBuildFile; fileRef = 837586361B7E7267003F1AB1 /* AlgorhythmTests.swift */; };
		837586431B7E7A90003F1AB1 /* PlaylistDetailViewController.swift in Sources */ = {isa = PBXBuildFile; fileRef = 837586421B7E7A90003F1AB1 /* PlaylistDetailViewController.swift */; };
/* End PBXBuildFile section */

/* Begin PBXContainerItemProxy section */
		837586311B7E7267003F1AB1 /* PBXContainerItemProxy */ = {
			isa = PBXContainerItemProxy;
			containerPortal = 837586131B7E7266003F1AB1 /* Project object */;
			proxyType = 1;
			remoteGlobalIDString = 8375861A1B7E7266003F1AB1;
			remoteInfo = Algorhythm;
		};
/* End PBXContainerItemProxy section */

/* Begin PBXFileReference section */
		83524E5A1B821CD800C37184 /* MusicLibrary.swift */ = {isa = PBXFileReference; fileEncoding = 4; lastKnownFileType = sourcecode.swift; path = MusicLibrary.swift; sourceTree = "<group>"; };
		83524E5C1B821E3100C37184 /* Playlist.swift */ = {isa = PBXFileReference; fileEncoding = 4; lastKnownFileType = sourcecode.swift; path = Playlist.swift; sourceTree = "<group>"; };
		8375861B1B7E7267003F1AB1 /* Algorhythm.app */ = {isa = PBXFileReference; explicitFileType = wrapper.application; includeInIndex = 0; path = Algorhythm.app; sourceTree = BUILT_PRODUCTS_DIR; };
		8375861F1B7E7267003F1AB1 /* Info.plist */ = {isa = PBXFileReference; lastKnownFileType = text.plist.xml; path = Info.plist; sourceTree = "<group>"; };
		837586201B7E7267003F1AB1 /* AppDelegate.swift */ = {isa = PBXFileReference; lastKnownFileType = sourcecode.swift; path = AppDelegate.swift; sourceTree = "<group>"; };
		837586221B7E7267003F1AB1 /* PlaylistMasterViewController.swift */ = {isa = PBXFileReference; lastKnownFileType = sourcecode.swift; path = PlaylistMasterViewController.swift; sourceTree = "<group>"; };
		837586251B7E7267003F1AB1 /* Base */ = {isa = PBXFileReference; lastKnownFileType = file.storyboard; name = Base; path = Base.lproj/Main.storyboard; sourceTree = "<group>"; };
		837586271B7E7267003F1AB1 /* Images.xcassets */ = {isa = PBXFileReference; lastKnownFileType = folder.assetcatalog; path = Images.xcassets; sourceTree = "<group>"; };
		8375862A1B7E7267003F1AB1 /* Base */ = {isa = PBXFileReference; lastKnownFileType = file.xib; name = Base; path = Base.lproj/LaunchScreen.xib; sourceTree = "<group>"; };
		837586301B7E7267003F1AB1 /* AlgorhythmTests.xctest */ = {isa = PBXFileReference; explicitFileType = wrapper.cfbundle; includeInIndex = 0; path = AlgorhythmTests.xctest; sourceTree = BUILT_PRODUCTS_DIR; };
		837586351B7E7267003F1AB1 /* Info.plist */ = {isa = PBXFileReference; lastKnownFileType = text.plist.xml; path = Info.plist; sourceTree = "<group>"; };
		837586361B7E7267003F1AB1 /* AlgorhythmTests.swift */ = {isa = PBXFileReference; lastKnownFileType = sourcecode.swift; path = AlgorhythmTests.swift; sourceTree = "<group>"; };
		837586421B7E7A90003F1AB1 /* PlaylistDetailViewController.swift */ = {isa = PBXFileReference; fileEncoding = 4; lastKnownFileType = sourcecode.swift; path = PlaylistDetailViewController.swift; sourceTree = "<group>"; };
/* End PBXFileReference section */

/* Begin PBXFrameworksBuildPhase section */
		837586181B7E7266003F1AB1 /* Frameworks */ = {
			isa = PBXFrameworksBuildPhase;
			buildActionMask = 2147483647;
			files = (
			);
			runOnlyForDeploymentPostprocessing = 0;
		};
		8375862D1B7E7267003F1AB1 /* Frameworks */ = {
			isa = PBXFrameworksBuildPhase;
			buildActionMask = 2147483647;
			files = (
			);
			runOnlyForDeploymentPostprocessing = 0;
		};
/* End PBXFrameworksBuildPhase section */

/* Begin PBXGroup section */
		837586121B7E7266003F1AB1 = {
			isa = PBXGroup;
			children = (
				8375861D1B7E7267003F1AB1 /* Algorhythm */,
				837586331B7E7267003F1AB1 /* AlgorhythmTests */,
				8375861C1B7E7267003F1AB1 /* Products */,
			);
			sourceTree = "<group>";
		};
		8375861C1B7E7267003F1AB1 /* Products */ = {
			isa = PBXGroup;
			children = (
				8375861B1B7E7267003F1AB1 /* Algorhythm.app */,
				837586301B7E7267003F1AB1 /* AlgorhythmTests.xctest */,
			);
			name = Products;
			sourceTree = "<group>";
		};
		8375861D1B7E7267003F1AB1 /* Algorhythm */ = {
			isa = PBXGroup;
			children = (
				837586201B7E7267003F1AB1 /* AppDelegate.swift */,
				837586221B7E7267003F1AB1 /* PlaylistMasterViewController.swift */,
				837586421B7E7A90003F1AB1 /* PlaylistDetailViewController.swift */,
				837586241B7E7267003F1AB1 /* Main.storyboard */,
				83524E5A1B821CD800C37184 /* MusicLibrary.swift */,
				83524E5C1B821E3100C37184 /* Playlist.swift */,
				837586271B7E7267003F1AB1 /* Images.xcassets */,
				837586291B7E7267003F1AB1 /* LaunchScreen.xib */,
				8375861E1B7E7267003F1AB1 /* Supporting Files */,
			);
			path = Algorhythm;
			sourceTree = "<group>";
		};
		8375861E1B7E7267003F1AB1 /* Supporting Files */ = {
			isa = PBXGroup;
			children = (
				8375861F1B7E7267003F1AB1 /* Info.plist */,
			);
			name = "Supporting Files";
			sourceTree = "<group>";
		};
		837586331B7E7267003F1AB1 /* AlgorhythmTests */ = {
			isa = PBXGroup;
			children = (
				837586361B7E7267003F1AB1 /* AlgorhythmTests.swift */,
				837586341B7E7267003F1AB1 /* Supporting Files */,
			);
			path = AlgorhythmTests;
			sourceTree = "<group>";
		};
		837586341B7E7267003F1AB1 /* Supporting Files */ = {
			isa = PBXGroup;
			children = (
				837586351B7E7267003F1AB1 /* Info.plist */,
			);
			name = "Supporting Files";
			sourceTree = "<group>";
		};
/* End PBXGroup section */

/* Begin PBXNativeTarget section */
		8375861A1B7E7266003F1AB1 /* Algorhythm */ = {
			isa = PBXNativeTarget;
			buildConfigurationList = 8375863A1B7E7267003F1AB1 /* Build configuration list for PBXNativeTarget "Algorhythm" */;
			buildPhases = (
				837586171B7E7266003F1AB1 /* Sources */,
				837586181B7E7266003F1AB1 /* Frameworks */,
				837586191B7E7266003F1AB1 /* Resources */,
			);
			buildRules = (
			);
			dependencies = (
			);
			name = Algorhythm;
			productName = Algorhythm;
			productReference = 8375861B1B7E7267003F1AB1 /* Algorhythm.app */;
			productType = "com.apple.product-type.application";
		};
		8375862F1B7E7267003F1AB1 /* AlgorhythmTests */ = {
			isa = PBXNativeTarget;
			buildConfigurationList = 8375863D1B7E7267003F1AB1 /* Build configuration list for PBXNativeTarget "AlgorhythmTests" */;
			buildPhases = (
				8375862C1B7E7267003F1AB1 /* Sources */,
				8375862D1B7E7267003F1AB1 /* Frameworks */,
				8375862E1B7E7267003F1AB1 /* Resources */,
			);
			buildRules = (
			);
			dependencies = (
				837586321B7E7267003F1AB1 /* PBXTargetDependency */,
			);
			name = AlgorhythmTests;
			productName = AlgorhythmTests;
			productReference = 837586301B7E7267003F1AB1 /* AlgorhythmTests.xctest */;
			productType = "com.apple.product-type.bundle.unit-test";
		};
/* End PBXNativeTarget section */

/* Begin PBXProject section */
		837586131B7E7266003F1AB1 /* Project object */ = {
			isa = PBXProject;
			attributes = {
				LastSwiftUpdateCheck = 0700;
				LastUpgradeCheck = 0640;
				ORGANIZATIONNAME = NordikLabs;
				TargetAttributes = {
					8375861A1B7E7266003F1AB1 = {
						CreatedOnToolsVersion = 6.4;
					};
					8375862F1B7E7267003F1AB1 = {
						CreatedOnToolsVersion = 6.4;
						TestTargetID = 8375861A1B7E7266003F1AB1;
					};
				};
			};
			buildConfigurationList = 837586161B7E7266003F1AB1 /* Build configuration list for PBXProject "Algorhythm" */;
			compatibilityVersion = "Xcode 3.2";
			developmentRegion = English;
			hasScannedForEncodings = 0;
			knownRegions = (
				en,
				Base,
			);
			mainGroup = 837586121B7E7266003F1AB1;
			productRefGroup = 8375861C1B7E7267003F1AB1 /* Products */;
			projectDirPath = "";
			projectRoot = "";
			targets = (
				8375861A1B7E7266003F1AB1 /* Algorhythm */,
				8375862F1B7E7267003F1AB1 /* AlgorhythmTests */,
			);
		};
/* End PBXProject section */

/* Begin PBXResourcesBuildPhase section */
		837586191B7E7266003F1AB1 /* Resources */ = {
			isa = PBXResourcesBuildPhase;
			buildActionMask = 2147483647;
			files = (
				837586261B7E7267003F1AB1 /* Main.storyboard in Resources */,
				8375862B1B7E7267003F1AB1 /* LaunchScreen.xib in Resources */,
				837586281B7E7267003F1AB1 /* Images.xcassets in Resources */,
			);
			runOnlyForDeploymentPostprocessing = 0;
		};
		8375862E1B7E7267003F1AB1 /* Resources */ = {
			isa = PBXResourcesBuildPhase;
			buildActionMask = 2147483647;
			files = (
			);
			runOnlyForDeploymentPostprocessing = 0;
		};
/* End PBXResourcesBuildPhase section */

/* Begin PBXSourcesBuildPhase section */
		837586171B7E7266003F1AB1 /* Sources */ = {
			isa = PBXSourcesBuildPhase;
			buildActionMask = 2147483647;
			files = (
				837586431B7E7A90003F1AB1 /* PlaylistDetailViewController.swift in Sources */,
				837586231B7E7267003F1AB1 /* PlaylistMasterViewController.swift in Sources */,
				837586211B7E7267003F1AB1 /* AppDelegate.swift in Sources */,
				83524E5B1B821CD800C37184 /* MusicLibrary.swift in Sources */,
				83524E5D1B821E3100C37184 /* Playlist.swift in Sources */,
			);
			runOnlyForDeploymentPostprocessing = 0;
		};
		8375862C1B7E7267003F1AB1 /* Sources */ = {
			isa = PBXSourcesBuildPhase;
			buildActionMask = 2147483647;
			files = (
				837586371B7E7267003F1AB1 /* AlgorhythmTests.swift in Sources */,
			);
			runOnlyForDeploymentPostprocessing = 0;
		};
/* End PBXSourcesBuildPhase section */

/* Begin PBXTargetDependency section */
		837586321B7E7267003F1AB1 /* PBXTargetDependency */ = {
			isa = PBXTargetDependency;
			target = 8375861A1B7E7266003F1AB1 /* Algorhythm */;
			targetProxy = 837586311B7E7267003F1AB1 /* PBXContainerItemProxy */;
		};
/* End PBXTargetDependency section */

/* Begin PBXVariantGroup section */
		837586241B7E7267003F1AB1 /* Main.storyboard */ = {
			isa = PBXVariantGroup;
			children = (
				837586251B7E7267003F1AB1 /* Base */,
			);
			name = Main.storyboard;
			sourceTree = "<group>";
		};
		837586291B7E7267003F1AB1 /* LaunchScreen.xib */ = {
			isa = PBXVariantGroup;
			children = (
				8375862A1B7E7267003F1AB1 /* Base */,
			);
			name = LaunchScreen.xib;
			sourceTree = "<group>";
		};
/* End PBXVariantGroup section */

/* Begin XCBuildConfiguration section */
		837586381B7E7267003F1AB1 /* Debug */ = {
			isa = XCBuildConfiguration;
			buildSettings = {
				ALWAYS_SEARCH_USER_PATHS = NO;
				CLANG_CXX_LANGUAGE_STANDARD = "gnu++0x";
				CLANG_CXX_LIBRARY = "libc++";
				CLANG_ENABLE_MODULES = YES;
				CLANG_ENABLE_OBJC_ARC = YES;
				CLANG_WARN_BOOL_CONVERSION = YES;
				CLANG_WARN_CONSTANT_CONVERSION = YES;
				CLANG_WARN_DIRECT_OBJC_ISA_USAGE = YES_ERROR;
				CLANG_WARN_EMPTY_BODY = YES;
				CLANG_WARN_ENUM_CONVERSION = YES;
				CLANG_WARN_INT_CONVERSION = YES;
				CLANG_WARN_OBJC_ROOT_CLASS = YES_ERROR;
				CLANG_WARN_UNREACHABLE_CODE = YES;
				CLANG_WARN__DUPLICATE_METHOD_MATCH = YES;
				"CODE_SIGN_IDENTITY[sdk=iphoneos*]" = "iPhone Developer";
				COPY_PHASE_STRIP = NO;
				DEBUG_INFORMATION_FORMAT = "dwarf-with-dsym";
				ENABLE_STRICT_OBJC_MSGSEND = YES;
				GCC_C_LANGUAGE_STANDARD = gnu99;
				GCC_DYNAMIC_NO_PIC = NO;
				GCC_NO_COMMON_BLOCKS = YES;
				GCC_OPTIMIZATION_LEVEL = 0;
				GCC_PREPROCESSOR_DEFINITIONS = (
					"DEBUG=1",
					"$(inherited)",
				);
				GCC_SYMBOLS_PRIVATE_EXTERN = NO;
				GCC_WARN_64_TO_32_BIT_CONVERSION = YES;
				GCC_WARN_ABOUT_RETURN_TYPE = YES_ERROR;
				GCC_WARN_UNDECLARED_SELECTOR = YES;
				GCC_WARN_UNINITIALIZED_AUTOS = YES_AGGRESSIVE;
				GCC_WARN_UNUSED_FUNCTION = YES;
				GCC_WARN_UNUSED_VARIABLE = YES;
				IPHONEOS_DEPLOYMENT_TARGET = 8.4;
				MTL_ENABLE_DEBUG_INFO = YES;
				ONLY_ACTIVE_ARCH = YES;
				SDKROOT = iphoneos;
				SWIFT_OPTIMIZATION_LEVEL = "-Onone";
			};
			name = Debug;
		};
		837586391B7E7267003F1AB1 /* Release */ = {
			isa = XCBuildConfiguration;
			buildSettings = {
				ALWAYS_SEARCH_USER_PATHS = NO;
				CLANG_CXX_LANGUAGE_STANDARD = "gnu++0x";
				CLANG_CXX_LIBRARY = "libc++";
				CLANG_ENABLE_MODULES = YES;
				CLANG_ENABLE_OBJC_ARC = YES;
				CLANG_WARN_BOOL_CONVERSION = YES;
				CLANG_WARN_CONSTANT_CONVERSION = YES;
				CLANG_WARN_DIRECT_OBJC_ISA_USAGE = YES_ERROR;
				CLANG_WARN_EMPTY_BODY = YES;
				CLANG_WARN_ENUM_CONVERSION = YES;
				CLANG_WARN_INT_CONVERSION = YES;
				CLANG_WARN_OBJC_ROOT_CLASS = YES_ERROR;
				CLANG_WARN_UNREACHABLE_CODE = YES;
				CLANG_WARN__DUPLICATE_METHOD_MATCH = YES;
				"CODE_SIGN_IDENTITY[sdk=iphoneos*]" = "iPhone Developer";
				COPY_PHASE_STRIP = NO;
				DEBUG_INFORMATION_FORMAT = "dwarf-with-dsym";
				ENABLE_NS_ASSERTIONS = NO;
				ENABLE_STRICT_OBJC_MSGSEND = YES;
				GCC_C_LANGUAGE_STANDARD = gnu99;
				GCC_NO_COMMON_BLOCKS = YES;
				GCC_WARN_64_TO_32_BIT_CONVERSION = YES;
				GCC_WARN_ABOUT_RETURN_TYPE = YES_ERROR;
				GCC_WARN_UNDECLARED_SELECTOR = YES;
				GCC_WARN_UNINITIALIZED_AUTOS = YES_AGGRESSIVE;
				GCC_WARN_UNUSED_FUNCTION = YES;
				GCC_WARN_UNUSED_VARIABLE = YES;
				IPHONEOS_DEPLOYMENT_TARGET = 8.4;
				MTL_ENABLE_DEBUG_INFO = NO;
				SDKROOT = iphoneos;
				VALIDATE_PRODUCT = YES;
			};
			name = Release;
		};
		8375863B1B7E7267003F1AB1 /* Debug */ = {
			isa = XCBuildConfiguration;
			buildSettings = {
				ASSETCATALOG_COMPILER_APPICON_NAME = AppIcon;
				CODE_SIGN_IDENTITY = "iPhone Developer";
				INFOPLIST_FILE = Algorhythm/Info.plist;
				LD_RUNPATH_SEARCH_PATHS = "$(inherited) @executable_path/Frameworks";
				PRODUCT_NAME = "$(TARGET_NAME)";
				TARGETED_DEVICE_FAMILY = 1;
			};
			name = Debug;
		};
		8375863C1B7E7267003F1AB1 /* Release */ = {
			isa = XCBuildConfiguration;
			buildSettings = {
				ASSETCATALOG_COMPILER_APPICON_NAME = AppIcon;
				CODE_SIGN_IDENTITY = "iPhone Developer";
				INFOPLIST_FILE = Algorhythm/Info.plist;
				LD_RUNPATH_SEARCH_PATHS = "$(inherited) @executable_path/Frameworks";
				PRODUCT_NAME = "$(TARGET_NAME)";
				TARGETED_DEVICE_FAMILY = 1;
			};
			name = Release;
		};
		8375863E1B7E7267003F1AB1 /* Debug */ = {
			isa = XCBuildConfiguration;
			buildSettings = {
				BUNDLE_LOADER = "$(TEST_HOST)";
				FRAMEWORK_SEARCH_PATHS = (
					"$(SDKROOT)/Developer/Library/Frameworks",
					"$(inherited)",
				);
				GCC_PREPROCESSOR_DEFINITIONS = (
					"DEBUG=1",
					"$(inherited)",
				);
				INFOPLIST_FILE = AlgorhythmTests/Info.plist;
				LD_RUNPATH_SEARCH_PATHS = "$(inherited) @executable_path/Frameworks @loader_path/Frameworks";
				PRODUCT_NAME = "$(TARGET_NAME)";
				TEST_HOST = "$(BUILT_PRODUCTS_DIR)/Algorhythm.app/Algorhythm";
			};
			name = Debug;
		};
		8375863F1B7E7267003F1AB1 /* Release */ = {
			isa = XCBuildConfiguration;
			buildSettings = {
				BUNDLE_LOADER = "$(TEST_HOST)";
				FRAMEWORK_SEARCH_PATHS = (
					"$(SDKROOT)/Developer/Library/Frameworks",
					"$(inherited)",
				);
				INFOPLIST_FILE = AlgorhythmTests/Info.plist;
				LD_RUNPATH_SEARCH_PATHS = "$(inherited) @executable_path/Frameworks @loader_path/Frameworks";
				PRODUCT_NAME = "$(TARGET_NAME)";
				TEST_HOST = "$(BUILT_PRODUCTS_DIR)/Algorhythm.app/Algorhythm";
			};
			name = Release;
		};
/* End XCBuildConfiguration section */

/* Begin XCConfigurationList section */
		837586161B7E7266003F1AB1 /* Build configuration list for PBXProject "Algorhythm" */ = {
			isa = XCConfigurationList;
			buildConfigurations = (
				837586381B7E7267003F1AB1 /* Debug */,
				837586391B7E7267003F1AB1 /* Release */,
			);
			defaultConfigurationIsVisible = 0;
			defaultConfigurationName = Release;
		};
		8375863A1B7E7267003F1AB1 /* Build configuration list for PBXNativeTarget "Algorhythm" */ = {
			isa = XCConfigurationList;
			buildConfigurations = (
				8375863B1B7E7267003F1AB1 /* Debug */,
				8375863C1B7E7267003F1AB1 /* Release */,
			);
			defaultConfigurationIsVisible = 0;
			defaultConfigurationName = Release;
		};
		8375863D1B7E7267003F1AB1 /* Build configuration list for PBXNativeTarget "AlgorhythmTests" */ = {
			isa = XCConfigurationList;
			buildConfigurations = (
				8375863E1B7E7267003F1AB1 /* Debug */,
				8375863F1B7E7267003F1AB1 /* Release */,
			);
			defaultConfigurationIsVisible = 0;
			defaultConfigurationName = Release;
		};
/* End XCConfigurationList section */
	};
	rootObject = 837586131B7E7266003F1AB1 /* Project object */;
}
